
Microsoft Visual Studio Solution File, Format Version 12.00
# Visual Studio Version 17
VisualStudioVersion = 17.0.31903.59
MinimumVisualStudioVersion = 10.0.40219.1
Project("{2150E333-8FDC-42A3-9474-1A3956D46DE8}") = "src", "src", "{148E9E35-AC40-48C8-BB04-0A7BA8ED97D5}"
EndProject
Project("{FAE04EC0-301F-11D3-BF4B-00C04F79EFBC}") = "AuctionService", "src\AuctionService\AuctionService.csproj", "{C20C7645-50F7-4C69-99C7-B538731B8159}"
EndProject
Project("{FAE04EC0-301F-11D3-BF4B-00C04F79EFBC}") = "SearchService", "src\SearchService\SearchService.csproj", "{12585E6D-8B7D-443A-A9AF-D4E96622945C}"
EndProject
Project("{FAE04EC0-301F-11D3-BF4B-00C04F79EFBC}") = "Contracts", "src\Contracts\Contracts.csproj", "{D2BC4964-3E03-42B3-B711-6A7BBE35886B}"
EndProject
Project("{FAE04EC0-301F-11D3-BF4B-00C04F79EFBC}") = "IdentityService", "src\IdentityService\IdentityService.csproj", "{D7E75BE8-3D25-460E-9345-A213AF4C8FA3}"
EndProject
Project("{FAE04EC0-301F-11D3-BF4B-00C04F79EFBC}") = "GatewayService", "src\GatewayService\GatewayService.csproj", "{11F3B688-9FA9-4C72-A5D8-81935D0C5773}"
EndProject
Project("{FAE04EC0-301F-11D3-BF4B-00C04F79EFBC}") = "BiddingService", "src\BiddingService\BiddingService.csproj", "{F79E079D-5104-4214-AA79-5C0C4A908156}"
EndProject
Global
	GlobalSection(SolutionConfigurationPlatforms) = preSolution
		Debug|Any CPU = Debug|Any CPU
		Release|Any CPU = Release|Any CPU
	EndGlobalSection
	GlobalSection(SolutionProperties) = preSolution
		HideSolutionNode = FALSE
	EndGlobalSection
	GlobalSection(ProjectConfigurationPlatforms) = postSolution
		{C20C7645-50F7-4C69-99C7-B538731B8159}.Debug|Any CPU.ActiveCfg = Debug|Any CPU
		{C20C7645-50F7-4C69-99C7-B538731B8159}.Debug|Any CPU.Build.0 = Debug|Any CPU
		{C20C7645-50F7-4C69-99C7-B538731B8159}.Release|Any CPU.ActiveCfg = Release|Any CPU
		{C20C7645-50F7-4C69-99C7-B538731B8159}.Release|Any CPU.Build.0 = Release|Any CPU
		{12585E6D-8B7D-443A-A9AF-D4E96622945C}.Debug|Any CPU.ActiveCfg = Debug|Any CPU
		{12585E6D-8B7D-443A-A9AF-D4E96622945C}.Debug|Any CPU.Build.0 = Debug|Any CPU
		{12585E6D-8B7D-443A-A9AF-D4E96622945C}.Release|Any CPU.ActiveCfg = Release|Any CPU
		{12585E6D-8B7D-443A-A9AF-D4E96622945C}.Release|Any CPU.Build.0 = Release|Any CPU
		{D2BC4964-3E03-42B3-B711-6A7BBE35886B}.Debug|Any CPU.ActiveCfg = Debug|Any CPU
		{D2BC4964-3E03-42B3-B711-6A7BBE35886B}.Debug|Any CPU.Build.0 = Debug|Any CPU
		{D2BC4964-3E03-42B3-B711-6A7BBE35886B}.Release|Any CPU.ActiveCfg = Release|Any CPU
		{D2BC4964-3E03-42B3-B711-6A7BBE35886B}.Release|Any CPU.Build.0 = Release|Any CPU
		{D7E75BE8-3D25-460E-9345-A213AF4C8FA3}.Debug|Any CPU.ActiveCfg = Debug|Any CPU
		{D7E75BE8-3D25-460E-9345-A213AF4C8FA3}.Debug|Any CPU.Build.0 = Debug|Any CPU
		{D7E75BE8-3D25-460E-9345-A213AF4C8FA3}.Release|Any CPU.ActiveCfg = Release|Any CPU
		{D7E75BE8-3D25-460E-9345-A213AF4C8FA3}.Release|Any CPU.Build.0 = Release|Any CPU
		{11F3B688-9FA9-4C72-A5D8-81935D0C5773}.Debug|Any CPU.ActiveCfg = Debug|Any CPU
		{11F3B688-9FA9-4C72-A5D8-81935D0C5773}.Debug|Any CPU.Build.0 = Debug|Any CPU
		{11F3B688-9FA9-4C72-A5D8-81935D0C5773}.Release|Any CPU.ActiveCfg = Release|Any CPU
		{11F3B688-9FA9-4C72-A5D8-81935D0C5773}.Release|Any CPU.Build.0 = Release|Any CPU
		{F79E079D-5104-4214-AA79-5C0C4A908156}.Debug|Any CPU.ActiveCfg = Debug|Any CPU
		{F79E079D-5104-4214-AA79-5C0C4A908156}.Debug|Any CPU.Build.0 = Debug|Any CPU
		{F79E079D-5104-4214-AA79-5C0C4A908156}.Release|Any CPU.ActiveCfg = Release|Any CPU
		{F79E079D-5104-4214-AA79-5C0C4A908156}.Release|Any CPU.Build.0 = Release|Any CPU
	EndGlobalSection
	GlobalSection(NestedProjects) = preSolution
		{C20C7645-50F7-4C69-99C7-B538731B8159} = {148E9E35-AC40-48C8-BB04-0A7BA8ED97D5}
		{12585E6D-8B7D-443A-A9AF-D4E96622945C} = {148E9E35-AC40-48C8-BB04-0A7BA8ED97D5}
		{D2BC4964-3E03-42B3-B711-6A7BBE35886B} = {148E9E35-AC40-48C8-BB04-0A7BA8ED97D5}
		{D7E75BE8-3D25-460E-9345-A213AF4C8FA3} = {148E9E35-AC40-48C8-BB04-0A7BA8ED97D5}
		{11F3B688-9FA9-4C72-A5D8-81935D0C5773} = {148E9E35-AC40-48C8-BB04-0A7BA8ED97D5}
		{F79E079D-5104-4214-AA79-5C0C4A908156} = {148E9E35-AC40-48C8-BB04-0A7BA8ED97D5}
	EndGlobalSection
EndGlobal
